// !$*UTF8*$!
{
	archiveVersion = 1;
	classes = {
	};
	objectVersion = 51;
	objects = {

/* Begin PBXBuildFile section */
		40C35FEAD6EDCDBDD4BBAAE4 /* Pods_MidPoint.framework in Frameworks */ = {isa = PBXBuildFile; fileRef = 8DD69A1199CDBD0C8BB01AB6 /* Pods_MidPoint.framework */; };
		8659D2C427DBEF55006F99B2 /* ResultsView.swift in Sources */ = {isa = PBXBuildFile; fileRef = 8659D2C327DBEF55006F99B2 /* ResultsView.swift */; };
		8659D30027DD52F2006F99B2 /* ResultsDetail.swift in Sources */ = {isa = PBXBuildFile; fileRef = 8659D2FF27DD52F2006F99B2 /* ResultsDetail.swift */; };
		F0352DBC27CD315400DD091D /* FavoritesView.swift in Sources */ = {isa = PBXBuildFile; fileRef = F0352DBB27CD315400DD091D /* FavoritesView.swift */; };
		F0352DC427CD3EA400DD091D /* PlacesAutoComplete.swift in Sources */ = {isa = PBXBuildFile; fileRef = F0352DC327CD3EA400DD091D /* PlacesAutoComplete.swift */; };
		F0422FDA27BF1CD300D90247 /* MidPointApp.swift in Sources */ = {isa = PBXBuildFile; fileRef = F0422FD927BF1CD300D90247 /* MidPointApp.swift */; };
		F0422FDC27BF1CD300D90247 /* ContentView.swift in Sources */ = {isa = PBXBuildFile; fileRef = F0422FDB27BF1CD300D90247 /* ContentView.swift */; };
		F0422FDE27BF1CD500D90247 /* Assets.xcassets in Resources */ = {isa = PBXBuildFile; fileRef = F0422FDD27BF1CD500D90247 /* Assets.xcassets */; };
		F0422FE127BF1CD500D90247 /* Preview Assets.xcassets in Resources */ = {isa = PBXBuildFile; fileRef = F0422FE027BF1CD500D90247 /* Preview Assets.xcassets */; };
		F0422FEC27BF1CD600D90247 /* MidPointTests.swift in Sources */ = {isa = PBXBuildFile; fileRef = F0422FEB27BF1CD600D90247 /* MidPointTests.swift */; };
		F0422FF727BF1CD600D90247 /* MidPointUITests.swift in Sources */ = {isa = PBXBuildFile; fileRef = F0422FF627BF1CD600D90247 /* MidPointUITests.swift */; };
		F042304D27C6AECD00D90247 /* GoogleMapsView.swift in Sources */ = {isa = PBXBuildFile; fileRef = F042304C27C6AECD00D90247 /* GoogleMapsView.swift */; };
		F042304F27C730C600D90247 /* Geocoding.swift in Sources */ = {isa = PBXBuildFile; fileRef = F042304E27C730C600D90247 /* Geocoding.swift */; };
		F066726027DA6A4800AE3790 /* DistanceMatrix.swift in Sources */ = {isa = PBXBuildFile; fileRef = F066725F27DA6A4800AE3790 /* DistanceMatrix.swift */; };
		F066726227DA6F0F00AE3790 /* GMapsView.swift in Sources */ = {isa = PBXBuildFile; fileRef = F066726127DA6F0F00AE3790 /* GMapsView.swift */; };
		F09632D427E398A900931CAF /* LocationManager.swift in Sources */ = {isa = PBXBuildFile; fileRef = F09632D327E398A900931CAF /* LocationManager.swift */; };
/* End PBXBuildFile section */

/* Begin PBXContainerItemProxy section */
		F0422FE827BF1CD600D90247 /* PBXContainerItemProxy */ = {
			isa = PBXContainerItemProxy;
			containerPortal = F0422FCE27BF1CD300D90247 /* Project object */;
			proxyType = 1;
			remoteGlobalIDString = F0422FD527BF1CD300D90247;
			remoteInfo = MidPoint;
		};
		F0422FF327BF1CD600D90247 /* PBXContainerItemProxy */ = {
			isa = PBXContainerItemProxy;
			containerPortal = F0422FCE27BF1CD300D90247 /* Project object */;
			proxyType = 1;
			remoteGlobalIDString = F0422FD527BF1CD300D90247;
			remoteInfo = MidPoint;
		};
/* End PBXContainerItemProxy section */

/* Begin PBXFileReference section */
		43F97F5C4715CDE02ED9FB65 /* Pods-MidPoint.debug.xcconfig */ = {isa = PBXFileReference; includeInIndex = 1; lastKnownFileType = text.xcconfig; name = "Pods-MidPoint.debug.xcconfig"; path = "Target Support Files/Pods-MidPoint/Pods-MidPoint.debug.xcconfig"; sourceTree = "<group>"; };
		5B24DEA2966882741ECDE981 /* Pods-MidPoint.release.xcconfig */ = {isa = PBXFileReference; includeInIndex = 1; lastKnownFileType = text.xcconfig; name = "Pods-MidPoint.release.xcconfig"; path = "Target Support Files/Pods-MidPoint/Pods-MidPoint.release.xcconfig"; sourceTree = "<group>"; };
		8659D2C327DBEF55006F99B2 /* ResultsView.swift */ = {isa = PBXFileReference; lastKnownFileType = sourcecode.swift; path = ResultsView.swift; sourceTree = "<group>"; };
		8659D2FF27DD52F2006F99B2 /* ResultsDetail.swift */ = {isa = PBXFileReference; lastKnownFileType = sourcecode.swift; path = ResultsDetail.swift; sourceTree = "<group>"; };
		8DD69A1199CDBD0C8BB01AB6 /* Pods_MidPoint.framework */ = {isa = PBXFileReference; explicitFileType = wrapper.framework; includeInIndex = 0; path = Pods_MidPoint.framework; sourceTree = BUILT_PRODUCTS_DIR; };
		F0352DBB27CD315400DD091D /* FavoritesView.swift */ = {isa = PBXFileReference; lastKnownFileType = sourcecode.swift; path = FavoritesView.swift; sourceTree = "<group>"; };
		F0352DC327CD3EA400DD091D /* PlacesAutoComplete.swift */ = {isa = PBXFileReference; lastKnownFileType = sourcecode.swift; path = PlacesAutoComplete.swift; sourceTree = "<group>"; };
		F0422FD627BF1CD300D90247 /* MidPoint.app */ = {isa = PBXFileReference; explicitFileType = wrapper.application; includeInIndex = 0; path = MidPoint.app; sourceTree = BUILT_PRODUCTS_DIR; };
		F0422FD927BF1CD300D90247 /* MidPointApp.swift */ = {isa = PBXFileReference; lastKnownFileType = sourcecode.swift; path = MidPointApp.swift; sourceTree = "<group>"; };
		F0422FDB27BF1CD300D90247 /* ContentView.swift */ = {isa = PBXFileReference; lastKnownFileType = sourcecode.swift; path = ContentView.swift; sourceTree = "<group>"; };
		F0422FDD27BF1CD500D90247 /* Assets.xcassets */ = {isa = PBXFileReference; lastKnownFileType = folder.assetcatalog; path = Assets.xcassets; sourceTree = "<group>"; };
		F0422FE027BF1CD500D90247 /* Preview Assets.xcassets */ = {isa = PBXFileReference; lastKnownFileType = folder.assetcatalog; path = "Preview Assets.xcassets"; sourceTree = "<group>"; };
		F0422FE227BF1CD600D90247 /* Info.plist */ = {isa = PBXFileReference; lastKnownFileType = text.plist.xml; path = Info.plist; sourceTree = "<group>"; };
		F0422FE727BF1CD600D90247 /* MidPointTests.xctest */ = {isa = PBXFileReference; explicitFileType = wrapper.cfbundle; includeInIndex = 0; path = MidPointTests.xctest; sourceTree = BUILT_PRODUCTS_DIR; };
		F0422FEB27BF1CD600D90247 /* MidPointTests.swift */ = {isa = PBXFileReference; lastKnownFileType = sourcecode.swift; path = MidPointTests.swift; sourceTree = "<group>"; };
		F0422FED27BF1CD600D90247 /* Info.plist */ = {isa = PBXFileReference; lastKnownFileType = text.plist.xml; path = Info.plist; sourceTree = "<group>"; };
		F0422FF227BF1CD600D90247 /* MidPointUITests.xctest */ = {isa = PBXFileReference; explicitFileType = wrapper.cfbundle; includeInIndex = 0; path = MidPointUITests.xctest; sourceTree = BUILT_PRODUCTS_DIR; };
		F0422FF627BF1CD600D90247 /* MidPointUITests.swift */ = {isa = PBXFileReference; lastKnownFileType = sourcecode.swift; path = MidPointUITests.swift; sourceTree = "<group>"; };
		F0422FF827BF1CD600D90247 /* Info.plist */ = {isa = PBXFileReference; lastKnownFileType = text.plist.xml; path = Info.plist; sourceTree = "<group>"; };
		F042304C27C6AECD00D90247 /* GoogleMapsView.swift */ = {isa = PBXFileReference; lastKnownFileType = sourcecode.swift; path = GoogleMapsView.swift; sourceTree = "<group>"; };
		F042304E27C730C600D90247 /* Geocoding.swift */ = {isa = PBXFileReference; lastKnownFileType = sourcecode.swift; path = Geocoding.swift; sourceTree = "<group>"; };
		F066725F27DA6A4800AE3790 /* DistanceMatrix.swift */ = {isa = PBXFileReference; lastKnownFileType = sourcecode.swift; path = DistanceMatrix.swift; sourceTree = "<group>"; };
		F066726127DA6F0F00AE3790 /* GMapsView.swift */ = {isa = PBXFileReference; lastKnownFileType = sourcecode.swift; path = GMapsView.swift; sourceTree = "<group>"; };
		F09632D327E398A900931CAF /* LocationManager.swift */ = {isa = PBXFileReference; lastKnownFileType = sourcecode.swift; path = LocationManager.swift; sourceTree = "<group>"; };
/* End PBXFileReference section */

/* Begin PBXFrameworksBuildPhase section */
		F0422FD327BF1CD300D90247 /* Frameworks */ = {
			isa = PBXFrameworksBuildPhase;
			buildActionMask = 2147483647;
			files = (
				40C35FEAD6EDCDBDD4BBAAE4 /* Pods_MidPoint.framework in Frameworks */,
			);
			runOnlyForDeploymentPostprocessing = 0;
		};
		F0422FE427BF1CD600D90247 /* Frameworks */ = {
			isa = PBXFrameworksBuildPhase;
			buildActionMask = 2147483647;
			files = (
			);
			runOnlyForDeploymentPostprocessing = 0;
		};
		F0422FEF27BF1CD600D90247 /* Frameworks */ = {
			isa = PBXFrameworksBuildPhase;
			buildActionMask = 2147483647;
			files = (
			);
			runOnlyForDeploymentPostprocessing = 0;
		};
/* End PBXFrameworksBuildPhase section */

/* Begin PBXGroup section */
		C3908973C5A0C5F8D390874E /* Frameworks */ = {
			isa = PBXGroup;
			children = (
				8DD69A1199CDBD0C8BB01AB6 /* Pods_MidPoint.framework */,
			);
			name = Frameworks;
			sourceTree = "<group>";
		};
		EA57F62D3E40B1A152A1D647 /* Pods */ = {
			isa = PBXGroup;
			children = (
				43F97F5C4715CDE02ED9FB65 /* Pods-MidPoint.debug.xcconfig */,
				5B24DEA2966882741ECDE981 /* Pods-MidPoint.release.xcconfig */,
			);
			path = Pods;
			sourceTree = "<group>";
		};
		F0352DB627C94DB400DD091D /* Features Implementation */ = {
			isa = PBXGroup;
			children = (
				F042304C27C6AECD00D90247 /* GoogleMapsView.swift */,
				F042304E27C730C600D90247 /* Geocoding.swift */,
				F066725F27DA6A4800AE3790 /* DistanceMatrix.swift */,
				F0352DC327CD3EA400DD091D /* PlacesAutoComplete.swift */,
				8659D2FF27DD52F2006F99B2 /* ResultsDetail.swift */,
				F09632D327E398A900931CAF /* LocationManager.swift */,
			);
			path = "Features Implementation";
			sourceTree = "<group>";
		};
		F0422FCD27BF1CD300D90247 = {
			isa = PBXGroup;
			children = (
				F0422FD827BF1CD300D90247 /* MidPoint */,
				F0422FEA27BF1CD600D90247 /* MidPointTests */,
				F0422FF527BF1CD600D90247 /* MidPointUITests */,
				F0422FD727BF1CD300D90247 /* Products */,
				EA57F62D3E40B1A152A1D647 /* Pods */,
				C3908973C5A0C5F8D390874E /* Frameworks */,
			);
			sourceTree = "<group>";
		};
		F0422FD727BF1CD300D90247 /* Products */ = {
			isa = PBXGroup;
			children = (
				F0422FD627BF1CD300D90247 /* MidPoint.app */,
				F0422FE727BF1CD600D90247 /* MidPointTests.xctest */,
				F0422FF227BF1CD600D90247 /* MidPointUITests.xctest */,
			);
			name = Products;
			sourceTree = "<group>";
		};
		F0422FD827BF1CD300D90247 /* MidPoint */ = {
			isa = PBXGroup;
			children = (
				F0422FD927BF1CD300D90247 /* MidPointApp.swift */,
				F042300F27BF1F0800D90247 /* Views */,
				F0352DB627C94DB400DD091D /* Features Implementation */,
				F0422FDD27BF1CD500D90247 /* Assets.xcassets */,
				F0422FE227BF1CD600D90247 /* Info.plist */,
				F0422FDF27BF1CD500D90247 /* Preview Content */,
			);
			path = MidPoint;
			sourceTree = "<group>";
		};
		F0422FDF27BF1CD500D90247 /* Preview Content */ = {
			isa = PBXGroup;
			children = (
				F0422FE027BF1CD500D90247 /* Preview Assets.xcassets */,
			);
			path = "Preview Content";
			sourceTree = "<group>";
		};
		F0422FEA27BF1CD600D90247 /* MidPointTests */ = {
			isa = PBXGroup;
			children = (
				F0422FEB27BF1CD600D90247 /* MidPointTests.swift */,
				F0422FED27BF1CD600D90247 /* Info.plist */,
			);
			path = MidPointTests;
			sourceTree = "<group>";
		};
		F0422FF527BF1CD600D90247 /* MidPointUITests */ = {
			isa = PBXGroup;
			children = (
				F0422FF627BF1CD600D90247 /* MidPointUITests.swift */,
				F0422FF827BF1CD600D90247 /* Info.plist */,
			);
			path = MidPointUITests;
			sourceTree = "<group>";
		};
		F042300F27BF1F0800D90247 /* Views */ = {
			isa = PBXGroup;
			children = (
				F0422FDB27BF1CD300D90247 /* ContentView.swift */,
				F066726127DA6F0F00AE3790 /* GMapsView.swift */,
				F0352DBB27CD315400DD091D /* FavoritesView.swift */,
				8659D2C327DBEF55006F99B2 /* ResultsView.swift */,
			);
			path = Views;
			sourceTree = "<group>";
		};
/* End PBXGroup section */

/* Begin PBXNativeTarget section */
		F0422FD527BF1CD300D90247 /* MidPoint */ = {
			isa = PBXNativeTarget;
			buildConfigurationList = F0422FFB27BF1CD600D90247 /* Build configuration list for PBXNativeTarget "MidPoint" */;
			buildPhases = (
				AD902D7F8D9ED99601D88215 /* [CP] Check Pods Manifest.lock */,
				F0422FD227BF1CD300D90247 /* Sources */,
				F0422FD327BF1CD300D90247 /* Frameworks */,
				F0422FD427BF1CD300D90247 /* Resources */,
				165803A44EBD40BDB94278B0 /* [CP] Copy Pods Resources */,
			);
			buildRules = (
			);
			dependencies = (
			);
			name = MidPoint;
			productName = MidPoint;
			productReference = F0422FD627BF1CD300D90247 /* MidPoint.app */;
			productType = "com.apple.product-type.application";
		};
		F0422FE627BF1CD600D90247 /* MidPointTests */ = {
			isa = PBXNativeTarget;
			buildConfigurationList = F0422FFE27BF1CD600D90247 /* Build configuration list for PBXNativeTarget "MidPointTests" */;
			buildPhases = (
				F0422FE327BF1CD600D90247 /* Sources */,
				F0422FE427BF1CD600D90247 /* Frameworks */,
				F0422FE527BF1CD600D90247 /* Resources */,
			);
			buildRules = (
			);
			dependencies = (
				F0422FE927BF1CD600D90247 /* PBXTargetDependency */,
			);
			name = MidPointTests;
			productName = MidPointTests;
			productReference = F0422FE727BF1CD600D90247 /* MidPointTests.xctest */;
			productType = "com.apple.product-type.bundle.unit-test";
		};
		F0422FF127BF1CD600D90247 /* MidPointUITests */ = {
			isa = PBXNativeTarget;
			buildConfigurationList = F042300127BF1CD600D90247 /* Build configuration list for PBXNativeTarget "MidPointUITests" */;
			buildPhases = (
				F0422FEE27BF1CD600D90247 /* Sources */,
				F0422FEF27BF1CD600D90247 /* Frameworks */,
				F0422FF027BF1CD600D90247 /* Resources */,
			);
			buildRules = (
			);
			dependencies = (
				F0422FF427BF1CD600D90247 /* PBXTargetDependency */,
			);
			name = MidPointUITests;
			productName = MidPointUITests;
			productReference = F0422FF227BF1CD600D90247 /* MidPointUITests.xctest */;
			productType = "com.apple.product-type.bundle.ui-testing";
		};
/* End PBXNativeTarget section */

/* Begin PBXProject section */
		F0422FCE27BF1CD300D90247 /* Project object */ = {
			isa = PBXProject;
			attributes = {
				LastSwiftUpdateCheck = 1250;
				LastUpgradeCheck = 1250;
				TargetAttributes = {
					F0422FD527BF1CD300D90247 = {
						CreatedOnToolsVersion = 12.5;
					};
					F0422FE627BF1CD600D90247 = {
						CreatedOnToolsVersion = 12.5;
						TestTargetID = F0422FD527BF1CD300D90247;
					};
					F0422FF127BF1CD600D90247 = {
						CreatedOnToolsVersion = 12.5;
						TestTargetID = F0422FD527BF1CD300D90247;
					};
				};
			};
			buildConfigurationList = F0422FD127BF1CD300D90247 /* Build configuration list for PBXProject "MidPoint" */;
			compatibilityVersion = "Xcode 9.3";
			developmentRegion = en;
			hasScannedForEncodings = 0;
			knownRegions = (
				en,
				Base,
			);
			mainGroup = F0422FCD27BF1CD300D90247;
			productRefGroup = F0422FD727BF1CD300D90247 /* Products */;
			projectDirPath = "";
			projectRoot = "";
			targets = (
				F0422FD527BF1CD300D90247 /* MidPoint */,
				F0422FE627BF1CD600D90247 /* MidPointTests */,
				F0422FF127BF1CD600D90247 /* MidPointUITests */,
			);
		};
/* End PBXProject section */

/* Begin PBXResourcesBuildPhase section */
		F0422FD427BF1CD300D90247 /* Resources */ = {
			isa = PBXResourcesBuildPhase;
			buildActionMask = 2147483647;
			files = (
				F0422FE127BF1CD500D90247 /* Preview Assets.xcassets in Resources */,
				F0422FDE27BF1CD500D90247 /* Assets.xcassets in Resources */,
			);
			runOnlyForDeploymentPostprocessing = 0;
		};
		F0422FE527BF1CD600D90247 /* Resources */ = {
			isa = PBXResourcesBuildPhase;
			buildActionMask = 2147483647;
			files = (
			);
			runOnlyForDeploymentPostprocessing = 0;
		};
		F0422FF027BF1CD600D90247 /* Resources */ = {
			isa = PBXResourcesBuildPhase;
			buildActionMask = 2147483647;
			files = (
			);
			runOnlyForDeploymentPostprocessing = 0;
		};
/* End PBXResourcesBuildPhase section */

/* Begin PBXShellScriptBuildPhase section */
		165803A44EBD40BDB94278B0 /* [CP] Copy Pods Resources */ = {
			isa = PBXShellScriptBuildPhase;
			buildActionMask = 2147483647;
			files = (
			);
			inputFileListPaths = (
				"${PODS_ROOT}/Target Support Files/Pods-MidPoint/Pods-MidPoint-resources-${CONFIGURATION}-input-files.xcfilelist",
			);
			name = "[CP] Copy Pods Resources";
			outputFileListPaths = (
				"${PODS_ROOT}/Target Support Files/Pods-MidPoint/Pods-MidPoint-resources-${CONFIGURATION}-output-files.xcfilelist",
			);
			runOnlyForDeploymentPostprocessing = 0;
			shellPath = /bin/sh;
			shellScript = "\"${PODS_ROOT}/Target Support Files/Pods-MidPoint/Pods-MidPoint-resources.sh\"\n";
			showEnvVarsInLog = 0;
		};
		AD902D7F8D9ED99601D88215 /* [CP] Check Pods Manifest.lock */ = {
			isa = PBXShellScriptBuildPhase;
			buildActionMask = 2147483647;
			files = (
			);
			inputFileListPaths = (
			);
			inputPaths = (
				"${PODS_PODFILE_DIR_PATH}/Podfile.lock",
				"${PODS_ROOT}/Manifest.lock",
			);
			name = "[CP] Check Pods Manifest.lock";
			outputFileListPaths = (
			);
			outputPaths = (
				"$(DERIVED_FILE_DIR)/Pods-MidPoint-checkManifestLockResult.txt",
			);
			runOnlyForDeploymentPostprocessing = 0;
			shellPath = /bin/sh;
			shellScript = "diff \"${PODS_PODFILE_DIR_PATH}/Podfile.lock\" \"${PODS_ROOT}/Manifest.lock\" > /dev/null\nif [ $? != 0 ] ; then\n    # print error to STDERR\n    echo \"error: The sandbox is not in sync with the Podfile.lock. Run 'pod install' or update your CocoaPods installation.\" >&2\n    exit 1\nfi\n# This output is used by Xcode 'outputs' to avoid re-running this script phase.\necho \"SUCCESS\" > \"${SCRIPT_OUTPUT_FILE_0}\"\n";
			showEnvVarsInLog = 0;
		};
/* End PBXShellScriptBuildPhase section */

/* Begin PBXSourcesBuildPhase section */
		F0422FD227BF1CD300D90247 /* Sources */ = {
			isa = PBXSourcesBuildPhase;
			buildActionMask = 2147483647;
			files = (
				F066726027DA6A4800AE3790 /* DistanceMatrix.swift in Sources */,
				8659D2C427DBEF55006F99B2 /* ResultsView.swift in Sources */,
				F0352DBC27CD315400DD091D /* FavoritesView.swift in Sources */,
				F09632D427E398A900931CAF /* LocationManager.swift in Sources */,
				F042304D27C6AECD00D90247 /* GoogleMapsView.swift in Sources */,
				F042304F27C730C600D90247 /* Geocoding.swift in Sources */,
				F0422FDC27BF1CD300D90247 /* ContentView.swift in Sources */,
				F066726227DA6F0F00AE3790 /* GMapsView.swift in Sources */,
				8659D30027DD52F2006F99B2 /* ResultsDetail.swift in Sources */,
				F0352DC427CD3EA400DD091D /* PlacesAutoComplete.swift in Sources */,
				F0422FDA27BF1CD300D90247 /* MidPointApp.swift in Sources */,
			);
			runOnlyForDeploymentPostprocessing = 0;
		};
		F0422FE327BF1CD600D90247 /* Sources */ = {
			isa = PBXSourcesBuildPhase;
			buildActionMask = 2147483647;
			files = (
				F0422FEC27BF1CD600D90247 /* MidPointTests.swift in Sources */,
			);
			runOnlyForDeploymentPostprocessing = 0;
		};
		F0422FEE27BF1CD600D90247 /* Sources */ = {
			isa = PBXSourcesBuildPhase;
			buildActionMask = 2147483647;
			files = (
				F0422FF727BF1CD600D90247 /* MidPointUITests.swift in Sources */,
			);
			runOnlyForDeploymentPostprocessing = 0;
		};
/* End PBXSourcesBuildPhase section */

/* Begin PBXTargetDependency section */
		F0422FE927BF1CD600D90247 /* PBXTargetDependency */ = {
			isa = PBXTargetDependency;
			target = F0422FD527BF1CD300D90247 /* MidPoint */;
			targetProxy = F0422FE827BF1CD600D90247 /* PBXContainerItemProxy */;
		};
		F0422FF427BF1CD600D90247 /* PBXTargetDependency */ = {
			isa = PBXTargetDependency;
			target = F0422FD527BF1CD300D90247 /* MidPoint */;
			targetProxy = F0422FF327BF1CD600D90247 /* PBXContainerItemProxy */;
		};
/* End PBXTargetDependency section */

/* Begin XCBuildConfiguration section */
		F0422FF927BF1CD600D90247 /* Debug */ = {
			isa = XCBuildConfiguration;
			buildSettings = {
				ALWAYS_SEARCH_USER_PATHS = NO;
				CLANG_ANALYZER_NONNULL = YES;
				CLANG_ANALYZER_NUMBER_OBJECT_CONVERSION = YES_AGGRESSIVE;
				CLANG_CXX_LANGUAGE_STANDARD = "gnu++14";
				CLANG_CXX_LIBRARY = "libc++";
				CLANG_ENABLE_MODULES = YES;
				CLANG_ENABLE_OBJC_ARC = YES;
				CLANG_ENABLE_OBJC_WEAK = YES;
				CLANG_WARN_BLOCK_CAPTURE_AUTORELEASING = YES;
				CLANG_WARN_BOOL_CONVERSION = YES;
				CLANG_WARN_COMMA = YES;
				CLANG_WARN_CONSTANT_CONVERSION = YES;
				CLANG_WARN_DEPRECATED_OBJC_IMPLEMENTATIONS = YES;
				CLANG_WARN_DIRECT_OBJC_ISA_USAGE = YES_ERROR;
				CLANG_WARN_DOCUMENTATION_COMMENTS = YES;
				CLANG_WARN_EMPTY_BODY = YES;
				CLANG_WARN_ENUM_CONVERSION = YES;
				CLANG_WARN_INFINITE_RECURSION = YES;
				CLANG_WARN_INT_CONVERSION = YES;
				CLANG_WARN_NON_LITERAL_NULL_CONVERSION = YES;
				CLANG_WARN_OBJC_IMPLICIT_RETAIN_SELF = YES;
				CLANG_WARN_OBJC_LITERAL_CONVERSION = YES;
				CLANG_WARN_OBJC_ROOT_CLASS = YES_ERROR;
				CLANG_WARN_QUOTED_INCLUDE_IN_FRAMEWORK_HEADER = YES;
				CLANG_WARN_RANGE_LOOP_ANALYSIS = YES;
				CLANG_WARN_STRICT_PROTOTYPES = YES;
				CLANG_WARN_SUSPICIOUS_MOVE = YES;
				CLANG_WARN_UNGUARDED_AVAILABILITY = YES_AGGRESSIVE;
				CLANG_WARN_UNREACHABLE_CODE = YES;
				CLANG_WARN__DUPLICATE_METHOD_MATCH = YES;
				COPY_PHASE_STRIP = NO;
				DEBUG_INFORMATION_FORMAT = dwarf;
				ENABLE_STRICT_OBJC_MSGSEND = YES;
				ENABLE_TESTABILITY = YES;
				GCC_C_LANGUAGE_STANDARD = gnu11;
				GCC_DYNAMIC_NO_PIC = NO;
				GCC_NO_COMMON_BLOCKS = YES;
				GCC_OPTIMIZATION_LEVEL = 0;
				GCC_PREPROCESSOR_DEFINITIONS = (
					"DEBUG=1",
					"$(inherited)",
				);
				GCC_WARN_64_TO_32_BIT_CONVERSION = YES;
				GCC_WARN_ABOUT_RETURN_TYPE = YES_ERROR;
				GCC_WARN_UNDECLARED_SELECTOR = YES;
				GCC_WARN_UNINITIALIZED_AUTOS = YES_AGGRESSIVE;
				GCC_WARN_UNUSED_FUNCTION = YES;
				GCC_WARN_UNUSED_VARIABLE = YES;
				IPHONEOS_DEPLOYMENT_TARGET = 14.5;
				MTL_ENABLE_DEBUG_INFO = INCLUDE_SOURCE;
				MTL_FAST_MATH = YES;
				ONLY_ACTIVE_ARCH = YES;
				SDKROOT = iphoneos;
				SWIFT_ACTIVE_COMPILATION_CONDITIONS = DEBUG;
				SWIFT_OPTIMIZATION_LEVEL = "-Onone";
			};
			name = Debug;
		};
		F0422FFA27BF1CD600D90247 /* Release */ = {
			isa = XCBuildConfiguration;
			buildSettings = {
				ALWAYS_SEARCH_USER_PATHS = NO;
				CLANG_ANALYZER_NONNULL = YES;
				CLANG_ANALYZER_NUMBER_OBJECT_CONVERSION = YES_AGGRESSIVE;
				CLANG_CXX_LANGUAGE_STANDARD = "gnu++14";
				CLANG_CXX_LIBRARY = "libc++";
				CLANG_ENABLE_MODULES = YES;
				CLANG_ENABLE_OBJC_ARC = YES;
				CLANG_ENABLE_OBJC_WEAK = YES;
				CLANG_WARN_BLOCK_CAPTURE_AUTORELEASING = YES;
				CLANG_WARN_BOOL_CONVERSION = YES;
				CLANG_WARN_COMMA = YES;
				CLANG_WARN_CONSTANT_CONVERSION = YES;
				CLANG_WARN_DEPRECATED_OBJC_IMPLEMENTATIONS = YES;
				CLANG_WARN_DIRECT_OBJC_ISA_USAGE = YES_ERROR;
				CLANG_WARN_DOCUMENTATION_COMMENTS = YES;
				CLANG_WARN_EMPTY_BODY = YES;
				CLANG_WARN_ENUM_CONVERSION = YES;
				CLANG_WARN_INFINITE_RECURSION = YES;
				CLANG_WARN_INT_CONVERSION = YES;
				CLANG_WARN_NON_LITERAL_NULL_CONVERSION = YES;
				CLANG_WARN_OBJC_IMPLICIT_RETAIN_SELF = YES;
				CLANG_WARN_OBJC_LITERAL_CONVERSION = YES;
				CLANG_WARN_OBJC_ROOT_CLASS = YES_ERROR;
				CLANG_WARN_QUOTED_INCLUDE_IN_FRAMEWORK_HEADER = YES;
				CLANG_WARN_RANGE_LOOP_ANALYSIS = YES;
				CLANG_WARN_STRICT_PROTOTYPES = YES;
				CLANG_WARN_SUSPICIOUS_MOVE = YES;
				CLANG_WARN_UNGUARDED_AVAILABILITY = YES_AGGRESSIVE;
				CLANG_WARN_UNREACHABLE_CODE = YES;
				CLANG_WARN__DUPLICATE_METHOD_MATCH = YES;
				COPY_PHASE_STRIP = NO;
				DEBUG_INFORMATION_FORMAT = "dwarf-with-dsym";
				ENABLE_NS_ASSERTIONS = NO;
				ENABLE_STRICT_OBJC_MSGSEND = YES;
				GCC_C_LANGUAGE_STANDARD = gnu11;
				GCC_NO_COMMON_BLOCKS = YES;
				GCC_WARN_64_TO_32_BIT_CONVERSION = YES;
				GCC_WARN_ABOUT_RETURN_TYPE = YES_ERROR;
				GCC_WARN_UNDECLARED_SELECTOR = YES;
				GCC_WARN_UNINITIALIZED_AUTOS = YES_AGGRESSIVE;
				GCC_WARN_UNUSED_FUNCTION = YES;
				GCC_WARN_UNUSED_VARIABLE = YES;
				IPHONEOS_DEPLOYMENT_TARGET = 14.5;
				MTL_ENABLE_DEBUG_INFO = NO;
				MTL_FAST_MATH = YES;
				SDKROOT = iphoneos;
				SWIFT_COMPILATION_MODE = wholemodule;
				SWIFT_OPTIMIZATION_LEVEL = "-O";
				VALIDATE_PRODUCT = YES;
			};
			name = Release;
		};
		F0422FFC27BF1CD600D90247 /* Debug */ = {
			isa = XCBuildConfiguration;
			baseConfigurationReference = 43F97F5C4715CDE02ED9FB65 /* Pods-MidPoint.debug.xcconfig */;
			buildSettings = {
				ASSETCATALOG_COMPILER_APPICON_NAME = AppIcon;
				ASSETCATALOG_COMPILER_GLOBAL_ACCENT_COLOR_NAME = AccentColor;
				CODE_SIGN_STYLE = Automatic;
				DEVELOPMENT_ASSET_PATHS = "\"MidPoint/Preview Content\"";
				DEVELOPMENT_TEAM = 83M562T5Q4;
				ENABLE_PREVIEWS = YES;
				INFOPLIST_FILE = MidPoint/Info.plist;
				IPHONEOS_DEPLOYMENT_TARGET = 14.0;
				LD_RUNPATH_SEARCH_PATHS = (
					"$(inherited)",
					"@executable_path/Frameworks",
				);
				PRODUCT_BUNDLE_IDENTIFIER = Elson;
				PRODUCT_NAME = "$(TARGET_NAME)";
				SWIFT_VERSION = 5.0;
				TARGETED_DEVICE_FAMILY = "1,2";
			};
			name = Debug;
		};
		F0422FFD27BF1CD600D90247 /* Release */ = {
			isa = XCBuildConfiguration;
			baseConfigurationReference = 5B24DEA2966882741ECDE981 /* Pods-MidPoint.release.xcconfig */;
			buildSettings = {
				ASSETCATALOG_COMPILER_APPICON_NAME = AppIcon;
				ASSETCATALOG_COMPILER_GLOBAL_ACCENT_COLOR_NAME = AccentColor;
				CODE_SIGN_STYLE = Automatic;
				DEVELOPMENT_ASSET_PATHS = "\"MidPoint/Preview Content\"";
				DEVELOPMENT_TEAM = 83M562T5Q4;
				ENABLE_PREVIEWS = YES;
				INFOPLIST_FILE = MidPoint/Info.plist;
				IPHONEOS_DEPLOYMENT_TARGET = 14.0;
				LD_RUNPATH_SEARCH_PATHS = (
					"$(inherited)",
					"@executable_path/Frameworks",
				);
				PRODUCT_BUNDLE_IDENTIFIER = Elson;
				PRODUCT_NAME = "$(TARGET_NAME)";
				SWIFT_VERSION = 5.0;
				TARGETED_DEVICE_FAMILY = "1,2";
			};
			name = Release;
		};
		F0422FFF27BF1CD600D90247 /* Debug */ = {
			isa = XCBuildConfiguration;
			buildSettings = {
				ALWAYS_EMBED_SWIFT_STANDARD_LIBRARIES = YES;
				BUNDLE_LOADER = "$(TEST_HOST)";
				CODE_SIGN_STYLE = Automatic;
				INFOPLIST_FILE = MidPointTests/Info.plist;
				IPHONEOS_DEPLOYMENT_TARGET = 14.0;
				LD_RUNPATH_SEARCH_PATHS = (
					"$(inherited)",
					"@executable_path/Frameworks",
					"@loader_path/Frameworks",
				);
				PRODUCT_BUNDLE_IDENTIFIER = Elson.MidPointTests;
				PRODUCT_NAME = "$(TARGET_NAME)";
				SWIFT_VERSION = 5.0;
				TARGETED_DEVICE_FAMILY = "1,2";
				TEST_HOST = "$(BUILT_PRODUCTS_DIR)/MidPoint.app/MidPoint";
			};
			name = Debug;
		};
		F042300027BF1CD600D90247 /* Release */ = {
			isa = XCBuildConfiguration;
			buildSettings = {
				ALWAYS_EMBED_SWIFT_STANDARD_LIBRARIES = YES;
				BUNDLE_LOADER = "$(TEST_HOST)";
				CODE_SIGN_STYLE = Automatic;
				INFOPLIST_FILE = MidPointTests/Info.plist;
				IPHONEOS_DEPLOYMENT_TARGET = 14.0;
				LD_RUNPATH_SEARCH_PATHS = (
					"$(inherited)",
					"@executable_path/Frameworks",
					"@loader_path/Frameworks",
				);
				PRODUCT_BUNDLE_IDENTIFIER = Elson.MidPointTests;
				PRODUCT_NAME = "$(TARGET_NAME)";
				SWIFT_VERSION = 5.0;
				TARGETED_DEVICE_FAMILY = "1,2";
				TEST_HOST = "$(BUILT_PRODUCTS_DIR)/MidPoint.app/MidPoint";
			};
			name = Release;
		};
		F042300227BF1CD600D90247 /* Debug */ = {
			isa = XCBuildConfiguration;
			buildSettings = {
				ALWAYS_EMBED_SWIFT_STANDARD_LIBRARIES = YES;
				CODE_SIGN_STYLE = Automatic;
				INFOPLIST_FILE = MidPointUITests/Info.plist;
				LD_RUNPATH_SEARCH_PATHS = (
					"$(inherited)",
					"@executable_path/Frameworks",
					"@loader_path/Frameworks",
				);
				PRODUCT_BUNDLE_IDENTIFIER = Elson.MidPointUITests;
				PRODUCT_NAME = "$(TARGET_NAME)";
				SWIFT_VERSION = 5.0;
				TARGETED_DEVICE_FAMILY = "1,2";
				TEST_TARGET_NAME = MidPoint;
			};
			name = Debug;
		};
		F042300327BF1CD600D90247 /* Release */ = {
			isa = XCBuildConfiguration;
			buildSettings = {
				ALWAYS_EMBED_SWIFT_STANDARD_LIBRARIES = YES;
				CODE_SIGN_STYLE = Automatic;
				INFOPLIST_FILE = MidPointUITests/Info.plist;
				LD_RUNPATH_SEARCH_PATHS = (
					"$(inherited)",
					"@executable_path/Frameworks",
					"@loader_path/Frameworks",
				);
				PRODUCT_BUNDLE_IDENTIFIER = Elson.MidPointUITests;
				PRODUCT_NAME = "$(TARGET_NAME)";
				SWIFT_VERSION = 5.0;
				TARGETED_DEVICE_FAMILY = "1,2";
				TEST_TARGET_NAME = MidPoint;
			};
			name = Release;
		};
/* End XCBuildConfiguration section */

/* Begin XCConfigurationList section */
		F0422FD127BF1CD300D90247 /* Build configuration list for PBXProject "MidPoint" */ = {
			isa = XCConfigurationList;
			buildConfigurations = (
				F0422FF927BF1CD600D90247 /* Debug */,
				F0422FFA27BF1CD600D90247 /* Release */,
			);
			defaultConfigurationIsVisible = 0;
			defaultConfigurationName = Release;
		};
		F0422FFB27BF1CD600D90247 /* Build configuration list for PBXNativeTarget "MidPoint" */ = {
			isa = XCConfigurationList;
			buildConfigurations = (
				F0422FFC27BF1CD600D90247 /* Debug */,
				F0422FFD27BF1CD600D90247 /* Release */,
			);
			defaultConfigurationIsVisible = 0;
			defaultConfigurationName = Release;
		};
		F0422FFE27BF1CD600D90247 /* Build configuration list for PBXNativeTarget "MidPointTests" */ = {
			isa = XCConfigurationList;
			buildConfigurations = (
				F0422FFF27BF1CD600D90247 /* Debug */,
				F042300027BF1CD600D90247 /* Release */,
			);
			defaultConfigurationIsVisible = 0;
			defaultConfigurationName = Release;
		};
		F042300127BF1CD600D90247 /* Build configuration list for PBXNativeTarget "MidPointUITests" */ = {
			isa = XCConfigurationList;
			buildConfigurations = (
				F042300227BF1CD600D90247 /* Debug */,
				F042300327BF1CD600D90247 /* Release */,
			);
			defaultConfigurationIsVisible = 0;
			defaultConfigurationName = Release;
		};
/* End XCConfigurationList section */
	};
	rootObject = F0422FCE27BF1CD300D90247 /* Project object */;
}
